<?xml version="1.0" encoding="utf-8"?>
<Project ToolsVersion="4.0" xmlns="http://schemas.microsoft.com/developer/msbuild/2003">
  <ItemGroup>
    <ClCompile Include="stdafx.cpp" />
    <ClCompile Include="Program.cpp" />
    <ClCompile Include="Editor.cpp" />
    <ClCompile Include="Imgui\ImGuizmo.cpp" />
    <ClCompile Include="Imgui\imgui_impl_dx11.cpp" />
    <ClCompile Include="Imgui\imgui_impl_win32.cpp" />
    <ClCompile Include="Imgui\Source\imgui.cpp" />
    <ClCompile Include="Imgui\Source\imgui_demo.cpp" />
    <ClCompile Include="Imgui\Source\imgui_draw.cpp" />
    <ClCompile Include="Imgui\Source\imgui_stdlib.cpp" />
    <ClCompile Include="Imgui\Source\imgui_widgets.cpp" />
    <ClCompile Include="Imgui\TextEditor.cpp" />
    <ClCompile Include="Widget\Widget_MenuBar.cpp" />
    <ClCompile Include="Widget\Widget_Console.cpp" />
    <ClCompile Include="Widget\Widget_Hierarchy.cpp" />
    <ClCompile Include="Widget\Widget_Inspector.cpp" />
    <ClCompile Include="Widget\Widget_Project.cpp" />
    <ClCompile Include="Widget\Widget_Scene.cpp" />
    <ClCompile Include="Helper\Editor_Helper.cpp" />
    <ClCompile Include="Widget\Widget_ProgressBar.cpp" />
    <ClCompile Include="Helper\Icon_Provider.cpp" />
    <ClCompile Include="Helper\FileDialog.cpp" />
    <ClCompile Include="Widget\Widget_ToolBar.cpp" />
    <ClCompile Include="Helper\Editor_Script.cpp" />
    <ClCompile Include="Helper\ColorPicker.cpp" />
  </ItemGroup>
  <ItemGroup>
    <ClInclude Include="stdafx.h" />
    <ClInclude Include="Editor.h" />
    <ClInclude Include="Imgui\ImGuizmo.h" />
    <ClInclude Include="Imgui\imgui_impl_dx11.h" />
    <ClInclude Include="Imgui\imgui_impl_win32.h" />
    <ClInclude Include="Imgui\Source\imconfig.h" />
    <ClInclude Include="Imgui\Source\imgui.h" />
    <ClInclude Include="Imgui\Source\imgui_internal.h" />
    <ClInclude Include="Imgui\Source\imgui_stdlib.h" />
    <ClInclude Include="Imgui\Source\imstb_rectpack.h" />
    <ClInclude Include="Imgui\Source\imstb_textedit.h" />
    <ClInclude Include="Imgui\Source\imstb_truetype.h" />
    <ClInclude Include="Imgui\TextEditor.h" />
    <ClInclude Include="Widget\Widget_MenuBar.h" />
    <ClInclude Include="Widget\IWidget.h" />
    <ClInclude Include="Widget\Widget_Console.h" />
    <ClInclude Include="Widget\Widget_Hierarchy.h" />
    <ClInclude Include="Widget\Widget_Inspector.h" />
    <ClInclude Include="Widget\Widget_Project.h" />
    <ClInclude Include="Widget\Widget_Scene.h" />
    <ClInclude Include="Helper\Editor_Helper.h" />
    <ClInclude Include="Widget\Widget_ProgressBar.h" />
    <ClInclude Include="Helper\Icon_Provider.h" />
    <ClInclude Include="Helper\FileDialog.h" />
    <ClInclude Include="Helper\DragDropEvent.h" />
    <ClInclude Include="Widget\Widget_ToolBar.h" />
    <ClInclude Include="Helper\Editor_Script.h" />
    <ClInclude Include="Helper\ColorPicker.h" />
  </ItemGroup>
</Project>