<?xml version="1.0" encoding="utf-8"?>
<Project ToolsVersion="4.0" xmlns="http://schemas.microsoft.com/developer/msbuild/2003">
  <ItemGroup>
    <ClInclude Include="Framework.h" />
    <ClInclude Include="Core\Subsystem\Graphics.h" />
    <ClInclude Include="Core\Settings.h" />
    <ClInclude Include="Core\Window.h" />
    <ClInclude Include="Core\Subsystem\ISubsystem.h" />
    <ClInclude Include="Core\Context.h" />
    <ClInclude Include="Core\Engine.h" />
    <ClInclude Include="Scene\Component\Camera.h" />
    <ClInclude Include="Core\Subsystem\Input.h" />
    <ClInclude Include="Scene\Scene.h" />
    <ClInclude Include="Core\D3D11\BasicData\Vertex.h" />
    <ClInclude Include="Core\D3D11\BasicData\D3D11_Config.h" />
    <ClInclude Include="Core\D3D11\BasicData\Geometry.h" />
    <ClInclude Include="Core\D3D11\BasicData\Geometry.inl" />
    <ClInclude Include="Core\D3D11\IAStage\VertexBuffer.h" />
    <ClInclude Include="Core\D3D11\IAStage\IndexBuffer.h" />
    <ClInclude Include="Core\D3D11\ShaderStage\VertexShader.h" />
    <ClInclude Include="Core\D3D11\ShaderStage\PixelShader.h" />
    <ClInclude Include="Core\D3D11\ShaderStage\IShaderStage.h" />
    <ClInclude Include="Utility\FileSystem.h" />
    <ClInclude Include="Core\D3D11\IAStage\InputLayout.h" />
    <ClInclude Include="Core\D3D11\ShaderStage\ConstantBuffer.h" />
    <ClInclude Include="Scene\Component\Terrain.h" />
    <ClInclude Include="Utility\Geometry_Generator.h" />
    <ClInclude Include="Scene\Component\Skybox.h" />
    <ClInclude Include="Resource\ModelImporter\FbxType.h" />
    <ClInclude Include="Resource\ModelImporter\FbxUtility.h" />
    <ClInclude Include="Resource\ModelImporter\ModelImporter.h" />
    <ClInclude Include="Resource\Model.h" />
    <ClInclude Include="Scene\Component\MultiCube.h" />
    <ClInclude Include="Core\Subsystem\Timer.h" />
    <ClInclude Include="Log\Log.h" />
    <ClInclude Include="Log\ILogger.h" />
  </ItemGroup>
  <ItemGroup>
    <ClCompile Include="Framework.cpp" />
    <ClCompile Include="Core\Subsystem\Graphics.cpp" />
    <ClCompile Include="Core\Engine.cpp" />
    <ClCompile Include="Scene\Component\Camera.cpp" />
    <ClCompile Include="Core\Subsystem\Input.cpp" />
    <ClCompile Include="Scene\Scene.cpp" />
    <ClCompile Include="Core\D3D11\BasicData\Vertex.cpp" />
    <ClCompile Include="Core\D3D11\IAStage\VertexBuffer.cpp" />
    <ClCompile Include="Core\D3D11\IAStage\IndexBuffer.cpp" />
    <ClCompile Include="Core\D3D11\ShaderStage\VertexShader.cpp" />
    <ClCompile Include="Core\D3D11\ShaderStage\PixelShader.cpp" />
    <ClCompile Include="Core\D3D11\ShaderStage\IShaderStage.cpp" />
    <ClCompile Include="Utility\FileSystem.cpp" />
    <ClCompile Include="Core\D3D11\IAStage\InputLayout.cpp" />
    <ClCompile Include="Core\D3D11\ShaderStage\ConstantBuffer.cpp" />
    <ClCompile Include="Scene\Component\Terrain.cpp" />
    <ClCompile Include="Utility\Geometry_Generator.cpp" />
    <ClCompile Include="Scene\Component\Skybox.cpp" />
    <ClCompile Include="Resource\ModelImporter\FbxUtility.cpp" />
    <ClCompile Include="Resource\ModelImporter\ModelImporter.cpp" />
    <ClCompile Include="Resource\Model.cpp" />
    <ClCompile Include="Scene\Component\MultiCube.cpp" />
    <ClCompile Include="Core\Subsystem\Timer.cpp" />
    <ClCompile Include="Log\Log.cpp" />
  </ItemGroup>
</Project>